
Microsoft Visual Studio Solution File, Format Version 12.00
# Visual Studio Version 16
VisualStudioVersion = 16.0.32106.194
MinimumVisualStudioVersion = 10.0.40219.1
Project("{9A19103F-16F7-4668-BE54-9A1E7A4F7556}") = "1. Furniture", "1. Furniture\1. Furniture.csproj", "{E5966C68-AAF2-4563-9E5F-2DCF40D31A7A}"
EndProject
Project("{9A19103F-16F7-4668-BE54-9A1E7A4F7556}") = "2. Race", "2. Race\2. Race.csproj", "{9E0EF7FB-388D-49D2-B05E-4225526F1521}"
EndProject
Project("{9A19103F-16F7-4668-BE54-9A1E7A4F7556}") = "wtf3.1", "wtf3.1\wtf3.1.csproj", "{469720E3-DE64-4E59-9047-C8B5691EAF5A}"
EndProject
Project("{FAE04EC0-301F-11D3-BF4B-00C04F79EFBC}") = "3. SoftUni Bar Income", "3. SoftUni Bar Income\3. SoftUni Bar Income.csproj", "{912DD104-145C-4672-B640-781DAEF8B283}"
EndProject
Global
	GlobalSection(SolutionConfigurationPlatforms) = preSolution
		Debug|Any CPU = Debug|Any CPU
		Release|Any CPU = Release|Any CPU
	EndGlobalSection
	GlobalSection(ProjectConfigurationPlatforms) = postSolution
		{E5966C68-AAF2-4563-9E5F-2DCF40D31A7A}.Debug|Any CPU.ActiveCfg = Debug|Any CPU
		{E5966C68-AAF2-4563-9E5F-2DCF40D31A7A}.Debug|Any CPU.Build.0 = Debug|Any CPU
		{E5966C68-AAF2-4563-9E5F-2DCF40D31A7A}.Release|Any CPU.ActiveCfg = Release|Any CPU
		{E5966C68-AAF2-4563-9E5F-2DCF40D31A7A}.Release|Any CPU.Build.0 = Release|Any CPU
		{9E0EF7FB-388D-49D2-B05E-4225526F1521}.Debug|Any CPU.ActiveCfg = Debug|Any CPU
		{9E0EF7FB-388D-49D2-B05E-4225526F1521}.Debug|Any CPU.Build.0 = Debug|Any CPU
		{9E0EF7FB-388D-49D2-B05E-4225526F1521}.Release|Any CPU.ActiveCfg = Release|Any CPU
		{9E0EF7FB-388D-49D2-B05E-4225526F1521}.Release|Any CPU.Build.0 = Release|Any CPU
		{469720E3-DE64-4E59-9047-C8B5691EAF5A}.Debug|Any CPU.ActiveCfg = Debug|Any CPU
		{469720E3-DE64-4E59-9047-C8B5691EAF5A}.Debug|Any CPU.Build.0 = Debug|Any CPU
		{469720E3-DE64-4E59-9047-C8B5691EAF5A}.Release|Any CPU.ActiveCfg = Release|Any CPU
		{469720E3-DE64-4E59-9047-C8B5691EAF5A}.Release|Any CPU.Build.0 = Release|Any CPU
		{912DD104-145C-4672-B640-781DAEF8B283}.Debug|Any CPU.ActiveCfg = Debug|Any CPU
		{912DD104-145C-4672-B640-781DAEF8B283}.Debug|Any CPU.Build.0 = Debug|Any CPU
		{912DD104-145C-4672-B640-781DAEF8B283}.Release|Any CPU.ActiveCfg = Release|Any CPU
		{912DD104-145C-4672-B640-781DAEF8B283}.Release|Any CPU.Build.0 = Release|Any CPU
	EndGlobalSection
	GlobalSection(SolutionProperties) = preSolution
		HideSolutionNode = FALSE
	EndGlobalSection
	GlobalSection(ExtensibilityGlobals) = postSolution
		SolutionGuid = {04A01619-FD5C-4F3E-BD35-8DBE84DA4982}
	EndGlobalSection
EndGlobal
